{
  "name": "scheduler",
  "version": "1.0.0",
  "lockfileVersion": 2,
  "requires": true,
  "packages": {
    "": {
      "name": "scheduler",
      "version": "1.0.0",
      "license": "ISC",
      "dependencies": {
        "colors": "^1.4.0",
        "handlebars": "^4.7.7",
        "mongoose": "^6.0.12",
        "morgan": "^1.10.0",
        "node-cron": "^3.0.0",
        "nodemailer": "^6.7.0"
      }
    },
    "node_modules/@types/node": {
      "version": "16.11.7",
      "license": "MIT"
    },
    "node_modules/@types/webidl-conversions": {
      "version": "6.1.1",
      "license": "MIT"
    },
    "node_modules/@types/whatwg-url": {
      "version": "8.2.1",
      "license": "MIT",
      "dependencies": {
        "@types/node": "*",
        "@types/webidl-conversions": "*"
      }
    },
    "node_modules/base64-js": {
      "version": "1.5.1",
      "funding": [
        {
          "type": "github",
          "url": "https://github.com/sponsors/feross"
        },
        {
          "type": "patreon",
          "url": "https://www.patreon.com/feross"
        },
        {
          "type": "consulting",
          "url": "https://feross.org/support"
        }
      ],
      "license": "MIT"
    },
    "node_modules/basic-auth": {
      "version": "2.0.1",
      "resolved": "https://registry.npmjs.org/basic-auth/-/basic-auth-2.0.1.tgz",
      "integrity": "sha512-NF+epuEdnUYVlGuhaxbbq+dvJttwLnGY+YixlXlME5KpQ5W3CnXA5cVTneY3SPbPDRkcjMbifrwmFYcClgOZeg==",
      "dependencies": {
        "safe-buffer": "5.1.2"
      },
      "engines": {
        "node": ">= 0.8"
      }
    },
    "node_modules/bson": {
      "version": "4.5.4",
      "license": "Apache-2.0",
      "dependencies": {
        "buffer": "^5.6.0"
      },
      "engines": {
        "node": ">=6.9.0"
      }
    },
    "node_modules/buffer": {
      "version": "5.7.1",
      "funding": [
        {
          "type": "github",
          "url": "https://github.com/sponsors/feross"
        },
        {
          "type": "patreon",
          "url": "https://www.patreon.com/feross"
        },
        {
          "type": "consulting",
          "url": "https://feross.org/support"
        }
      ],
      "license": "MIT",
      "dependencies": {
        "base64-js": "^1.3.1",
        "ieee754": "^1.1.13"
      }
    },
    "node_modules/colors": {
      "version": "1.4.0",
      "resolved": "https://registry.npmjs.org/colors/-/colors-1.4.0.tgz",
      "integrity": "sha512-a+UqTh4kgZg/SlGvfbzDHpgRu7AAQOmmqRHJnxhRZICKFUT91brVhNNt58CMWU9PsBbv3PDCZUHbVxuDiH2mtA==",
      "engines": {
        "node": ">=0.1.90"
      }
    },
    "node_modules/debug": {
      "version": "4.3.2",
      "license": "MIT",
      "dependencies": {
        "ms": "2.1.2"
      },
      "engines": {
        "node": ">=6.0"
      },
      "peerDependenciesMeta": {
        "supports-color": {
          "optional": true
        }
      }
    },
    "node_modules/denque": {
      "version": "2.0.1",
      "license": "Apache-2.0",
      "engines": {
        "node": ">=0.10"
      }
    },
    "node_modules/depd": {
      "version": "2.0.0",
      "resolved": "https://registry.npmjs.org/depd/-/depd-2.0.0.tgz",
      "integrity": "sha512-g7nH6P6dyDioJogAAGprGpCtVImJhpPk/roCzdb3fIh61/s/nPsfR6onyMwkCAR/OlC3yBC0lESvUoQEAssIrw==",
      "engines": {
        "node": ">= 0.8"
      }
    },
    "node_modules/ee-first": {
      "version": "1.1.1",
      "resolved": "https://registry.npmjs.org/ee-first/-/ee-first-1.1.1.tgz",
      "integrity": "sha1-WQxhFWsK4vTwJVcyoViyZrxWsh0="
    },
    "node_modules/handlebars": {
      "version": "4.7.7",
      "license": "MIT",
      "dependencies": {
        "minimist": "^1.2.5",
        "neo-async": "^2.6.0",
        "source-map": "^0.6.1",
        "wordwrap": "^1.0.0"
      },
      "bin": {
        "handlebars": "bin/handlebars"
      },
      "engines": {
        "node": ">=0.4.7"
      },
      "optionalDependencies": {
        "uglify-js": "^3.1.4"
      }
    },
    "node_modules/ieee754": {
      "version": "1.2.1",
      "funding": [
        {
          "type": "github",
          "url": "https://github.com/sponsors/feross"
        },
        {
          "type": "patreon",
          "url": "https://www.patreon.com/feross"
        },
        {
          "type": "consulting",
          "url": "https://feross.org/support"
        }
      ],
      "license": "BSD-3-Clause"
    },
    "node_modules/kareem": {
      "version": "2.3.2",
      "license": "Apache-2.0"
    },
    "node_modules/memory-pager": {
      "version": "1.5.0",
      "license": "MIT",
      "optional": true
    },
    "node_modules/minimist": {
      "version": "1.2.5",
      "license": "MIT"
    },
    "node_modules/moment": {
      "version": "2.29.1",
      "license": "MIT",
      "engines": {
        "node": "*"
      }
    },
    "node_modules/moment-timezone": {
      "version": "0.5.34",
      "license": "MIT",
      "dependencies": {
        "moment": ">= 2.9.0"
      },
      "engines": {
        "node": "*"
      }
    },
    "node_modules/mongodb": {
      "version": "4.1.3",
      "license": "Apache-2.0",
      "dependencies": {
        "bson": "^4.5.2",
        "denque": "^2.0.1",
        "mongodb-connection-string-url": "^2.0.0"
      },
      "engines": {
        "node": ">=12.9.0"
      },
      "optionalDependencies": {
        "saslprep": "^1.0.3"
      }
    },
    "node_modules/mongodb-connection-string-url": {
      "version": "2.1.0",
      "license": "Apache-2.0",
      "dependencies": {
        "@types/whatwg-url": "^8.2.1",
        "whatwg-url": "^9.1.0"
      }
    },
    "node_modules/mongoose": {
      "version": "6.0.12",
      "license": "MIT",
      "dependencies": {
        "bson": "^4.2.2",
        "kareem": "2.3.2",
        "mongodb": "4.1.3",
        "mpath": "0.8.4",
        "mquery": "4.0.0",
        "ms": "2.1.2",
        "regexp-clone": "1.0.0",
        "sift": "13.5.2",
        "sliced": "1.0.1"
      },
      "engines": {
        "node": ">=12.0.0"
      },
      "funding": {
        "type": "opencollective",
        "url": "https://opencollective.com/mongoose"
      }
    },
    "node_modules/morgan": {
      "version": "1.10.0",
      "resolved": "https://registry.npmjs.org/morgan/-/morgan-1.10.0.tgz",
      "integrity": "sha512-AbegBVI4sh6El+1gNwvD5YIck7nSA36weD7xvIxG4in80j/UoK8AEGaWnnz8v1GxonMCltmlNs5ZKbGvl9b1XQ==",
      "dependencies": {
        "basic-auth": "~2.0.1",
        "debug": "2.6.9",
        "depd": "~2.0.0",
        "on-finished": "~2.3.0",
        "on-headers": "~1.0.2"
      },
      "engines": {
        "node": ">= 0.8.0"
      }
    },
    "node_modules/morgan/node_modules/debug": {
      "version": "2.6.9",
      "resolved": "https://registry.npmjs.org/debug/-/debug-2.6.9.tgz",
      "integrity": "sha512-bC7ElrdJaJnPbAP+1EotYvqZsb3ecl5wi6Bfi6BJTUcNowp6cvspg0jXznRTKDjm/E7AdgFBVeAPVMNcKGsHMA==",
      "dependencies": {
        "ms": "2.0.0"
      }
    },
    "node_modules/morgan/node_modules/ms": {
      "version": "2.0.0",
      "resolved": "https://registry.npmjs.org/ms/-/ms-2.0.0.tgz",
      "integrity": "sha1-VgiurfwAvmwpAd9fmGF4jeDVl8g="
    },
    "node_modules/mpath": {
      "version": "0.8.4",
      "license": "MIT",
      "engines": {
        "node": ">=4.0.0"
      }
    },
    "node_modules/mquery": {
      "version": "4.0.0",
      "license": "MIT",
      "dependencies": {
        "debug": "4.x",
        "regexp-clone": "^1.0.0",
        "sliced": "1.0.1"
      },
      "engines": {
        "node": ">=12.0.0"
      }
    },
    "node_modules/ms": {
      "version": "2.1.2",
      "license": "MIT"
    },
    "node_modules/neo-async": {
      "version": "2.6.2",
      "license": "MIT"
    },
    "node_modules/node-cron": {
      "version": "3.0.0",
      "license": "ISC",
      "dependencies": {
        "moment-timezone": "^0.5.31"
      },
      "engines": {
        "node": ">=6.0.0"
      }
    },
    "node_modules/nodemailer": {
      "version": "6.7.0",
      "license": "MIT",
      "engines": {
        "node": ">=6.0.0"
      }
    },
    "node_modules/on-finished": {
      "version": "2.3.0",
      "resolved": "https://registry.npmjs.org/on-finished/-/on-finished-2.3.0.tgz",
      "integrity": "sha1-IPEzZIGwg811M3mSoWlxqi2QaUc=",
      "dependencies": {
        "ee-first": "1.1.1"
      },
      "engines": {
        "node": ">= 0.8"
      }
    },
    "node_modules/on-headers": {
      "version": "1.0.2",
      "resolved": "https://registry.npmjs.org/on-headers/-/on-headers-1.0.2.tgz",
      "integrity": "sha512-pZAE+FJLoyITytdqK0U5s+FIpjN0JP3OzFi/u8Rx+EV5/W+JTWGXG8xFzevE7AjBfDqHv/8vL8qQsIhHnqRkrA==",
      "engines": {
        "node": ">= 0.8"
      }
    },
    "node_modules/punycode": {
      "version": "2.1.1",
      "license": "MIT",
      "engines": {
        "node": ">=6"
      }
    },
    "node_modules/regexp-clone": {
      "version": "1.0.0",
      "license": "MIT"
    },
    "node_modules/safe-buffer": {
      "version": "5.1.2",
      "resolved": "https://registry.npmjs.org/safe-buffer/-/safe-buffer-5.1.2.tgz",
      "integrity": "sha512-Gd2UZBJDkXlY7GbJxfsE8/nvKkUEU1G38c1siN6QP6a9PT9MmHB8GnpscSmMJSoF8LOIrt8ud/wPtojys4G6+g=="
    },
    "node_modules/saslprep": {
      "version": "1.0.3",
      "license": "MIT",
      "optional": true,
      "dependencies": {
        "sparse-bitfield": "^3.0.3"
      },
      "engines": {
        "node": ">=6"
      }
    },
    "node_modules/sift": {
      "version": "13.5.2",
      "license": "MIT"
    },
    "node_modules/sliced": {
      "version": "1.0.1",
      "license": "MIT"
    },
    "node_modules/source-map": {
      "version": "0.6.1",
      "license": "BSD-3-Clause",
      "engines": {
        "node": ">=0.10.0"
      }
    },
    "node_modules/sparse-bitfield": {
      "version": "3.0.3",
      "license": "MIT",
      "optional": true,
      "dependencies": {
        "memory-pager": "^1.0.2"
      }
    },
    "node_modules/tr46": {
      "version": "2.1.0",
      "license": "MIT",
      "dependencies": {
        "punycode": "^2.1.1"
      },
      "engines": {
        "node": ">=8"
      }
    },
    "node_modules/uglify-js": {
      "version": "3.14.3",
      "license": "BSD-2-Clause",
      "optional": true,
      "bin": {
        "uglifyjs": "bin/uglifyjs"
      },
      "engines": {
        "node": ">=0.8.0"
      }
    },
    "node_modules/webidl-conversions": {
      "version": "6.1.0",
      "license": "BSD-2-Clause",
      "engines": {
        "node": ">=10.4"
      }
    },
    "node_modules/whatwg-url": {
      "version": "9.1.0",
      "license": "MIT",
      "dependencies": {
        "tr46": "^2.1.0",
        "webidl-conversions": "^6.1.0"
      },
      "engines": {
        "node": ">=12"
      }
    },
    "node_modules/wordwrap": {
      "version": "1.0.0",
      "license": "MIT"
    }
  },
  "dependencies": {
    "@types/node": {
      "version": "16.11.7"
    },
    "@types/webidl-conversions": {
      "version": "6.1.1"
    },
    "@types/whatwg-url": {
      "version": "8.2.1",
      "requires": {
        "@types/node": "*",
        "@types/webidl-conversions": "*"
      }
    },
    "base64-js": {
      "version": "1.5.1"
    },
    "basic-auth": {
      "version": "2.0.1",
      "resolved": "https://registry.npmjs.org/basic-auth/-/basic-auth-2.0.1.tgz",
      "integrity": "sha512-NF+epuEdnUYVlGuhaxbbq+dvJttwLnGY+YixlXlME5KpQ5W3CnXA5cVTneY3SPbPDRkcjMbifrwmFYcClgOZeg==",
      "requires": {
        "safe-buffer": "5.1.2"
      }
    },
    "bson": {
      "version": "4.5.4",
      "requires": {
        "buffer": "^5.6.0"
      }
    },
    "buffer": {
      "version": "5.7.1",
      "requires": {
        "base64-js": "^1.3.1",
        "ieee754": "^1.1.13"
      }
    },
    "colors": {
      "version": "1.4.0",
      "resolved": "https://registry.npmjs.org/colors/-/colors-1.4.0.tgz",
      "integrity": "sha512-a+UqTh4kgZg/SlGvfbzDHpgRu7AAQOmmqRHJnxhRZICKFUT91brVhNNt58CMWU9PsBbv3PDCZUHbVxuDiH2mtA=="
    },
    "debug": {
      "version": "4.3.2",
      "requires": {
        "ms": "2.1.2"
      }
    },
    "denque": {
      "version": "2.0.1"
    },
    "depd": {
      "version": "2.0.0",
      "resolved": "https://registry.npmjs.org/depd/-/depd-2.0.0.tgz",
      "integrity": "sha512-g7nH6P6dyDioJogAAGprGpCtVImJhpPk/roCzdb3fIh61/s/nPsfR6onyMwkCAR/OlC3yBC0lESvUoQEAssIrw=="
    },
    "ee-first": {
      "version": "1.1.1",
      "resolved": "https://registry.npmjs.org/ee-first/-/ee-first-1.1.1.tgz",
      "integrity": "sha1-WQxhFWsK4vTwJVcyoViyZrxWsh0="
    },
    "handlebars": {
      "version": "4.7.7",
      "requires": {
        "minimist": "^1.2.5",
        "neo-async": "^2.6.0",
        "source-map": "^0.6.1",
        "uglify-js": "^3.1.4",
        "wordwrap": "^1.0.0"
      }
    },
    "ieee754": {
      "version": "1.2.1"
    },
    "kareem": {
      "version": "2.3.2"
    },
    "memory-pager": {
      "version": "1.5.0",
      "optional": true
    },
    "minimist": {
      "version": "1.2.5"
    },
    "moment": {
      "version": "2.29.1"
    },
    "moment-timezone": {
      "version": "0.5.34",
      "requires": {
        "moment": ">= 2.9.0"
      }
    },
    "mongodb": {
      "version": "4.1.3",
      "requires": {
        "bson": "^4.5.2",
        "denque": "^2.0.1",
        "mongodb-connection-string-url": "^2.0.0",
        "saslprep": "^1.0.3"
      }
    },
    "mongodb-connection-string-url": {
      "version": "2.1.0",
      "requires": {
        "@types/whatwg-url": "^8.2.1",
        "whatwg-url": "^9.1.0"
      }
    },
    "mongoose": {
      "version": "6.0.12",
      "requires": {
        "bson": "^4.2.2",
        "kareem": "2.3.2",
        "mongodb": "4.1.3",
        "mpath": "0.8.4",
        "mquery": "4.0.0",
        "ms": "2.1.2",
        "regexp-clone": "1.0.0",
        "sift": "13.5.2",
        "sliced": "1.0.1"
      }
    },
    "morgan": {
      "version": "1.10.0",
      "resolved": "https://registry.npmjs.org/morgan/-/morgan-1.10.0.tgz",
      "integrity": "sha512-AbegBVI4sh6El+1gNwvD5YIck7nSA36weD7xvIxG4in80j/UoK8AEGaWnnz8v1GxonMCltmlNs5ZKbGvl9b1XQ==",
      "requires": {
        "basic-auth": "~2.0.1",
        "debug": "2.6.9",
        "depd": "~2.0.0",
        "on-finished": "~2.3.0",
        "on-headers": "~1.0.2"
      },
      "dependencies": {
        "debug": {
          "version": "2.6.9",
          "resolved": "https://registry.npmjs.org/debug/-/debug-2.6.9.tgz",
          "integrity": "sha512-bC7ElrdJaJnPbAP+1EotYvqZsb3ecl5wi6Bfi6BJTUcNowp6cvspg0jXznRTKDjm/E7AdgFBVeAPVMNcKGsHMA==",
          "requires": {
            "ms": "2.0.0"
          }
        },
        "ms": {
          "version": "2.0.0",
          "resolved": "https://registry.npmjs.org/ms/-/ms-2.0.0.tgz",
          "integrity": "sha1-VgiurfwAvmwpAd9fmGF4jeDVl8g="
        }
      }
    },
    "mpath": {
      "version": "0.8.4"
    },
    "mquery": {
      "version": "4.0.0",
      "requires": {
        "debug": "4.x",
        "regexp-clone": "^1.0.0",
        "sliced": "1.0.1"
      }
    },
    "ms": {
      "version": "2.1.2"
    },
    "neo-async": {
      "version": "2.6.2"
    },
    "node-cron": {
      "version": "3.0.0",
      "requires": {
        "moment-timezone": "^0.5.31"
      }
    },
    "nodemailer": {
      "version": "6.7.0"
    },
    "on-finished": {
      "version": "2.3.0",
      "resolved": "https://registry.npmjs.org/on-finished/-/on-finished-2.3.0.tgz",
      "integrity": "sha1-IPEzZIGwg811M3mSoWlxqi2QaUc=",
      "requires": {
        "ee-first": "1.1.1"
      }
    },
    "on-headers": {
      "version": "1.0.2",
      "resolved": "https://registry.npmjs.org/on-headers/-/on-headers-1.0.2.tgz",
      "integrity": "sha512-pZAE+FJLoyITytdqK0U5s+FIpjN0JP3OzFi/u8Rx+EV5/W+JTWGXG8xFzevE7AjBfDqHv/8vL8qQsIhHnqRkrA=="
    },
    "punycode": {
      "version": "2.1.1"
    },
    "regexp-clone": {
      "version": "1.0.0"
    },
    "safe-buffer": {
      "version": "5.1.2",
      "resolved": "https://registry.npmjs.org/safe-buffer/-/safe-buffer-5.1.2.tgz",
      "integrity": "sha512-Gd2UZBJDkXlY7GbJxfsE8/nvKkUEU1G38c1siN6QP6a9PT9MmHB8GnpscSmMJSoF8LOIrt8ud/wPtojys4G6+g=="
    },
    "saslprep": {
      "version": "1.0.3",
      "optional": true,
      "requires": {
        "sparse-bitfield": "^3.0.3"
      }
    },
    "sift": {
      "version": "13.5.2"
    },
    "sliced": {
      "version": "1.0.1"
    },
    "source-map": {
      "version": "0.6.1"
    },
    "sparse-bitfield": {
      "version": "3.0.3",
      "optional": true,
      "requires": {
        "memory-pager": "^1.0.2"
      }
    },
    "tr46": {
      "version": "2.1.0",
      "requires": {
        "punycode": "^2.1.1"
      }
    },
    "uglify-js": {
      "version": "3.14.3",
      "optional": true
    },
    "webidl-conversions": {
      "version": "6.1.0"
    },
    "whatwg-url": {
      "version": "9.1.0",
      "requires": {
        "tr46": "^2.1.0",
        "webidl-conversions": "^6.1.0"
      }
    },
    "wordwrap": {
      "version": "1.0.0"
    }
  }
}
